// !$*UTF8*$!
{
	archiveVersion = 1;
	classes = {
	};
	objectVersion = 46;
	objects = {

/* Begin PBXBuildFile section */
		40DEB06E1D05020B00D00B2E /* main.m in Sources */ = {isa = PBXBuildFile; fileRef = 40DEB06D1D05020B00D00B2E /* main.m */; };
		40DEB0711D05020B00D00B2E /* AppDelegate.m in Sources */ = {isa = PBXBuildFile; fileRef = 40DEB0701D05020B00D00B2E /* AppDelegate.m */; };
		40DEB0741D05020B00D00B2E /* ViewController.m in Sources */ = {isa = PBXBuildFile; fileRef = 40DEB0731D05020B00D00B2E /* ViewController.m */; };
		40DEB0771D05020B00D00B2E /* Main.storyboard in Resources */ = {isa = PBXBuildFile; fileRef = 40DEB0751D05020B00D00B2E /* Main.storyboard */; };
		40DEB0791D05020B00D00B2E /* Assets.xcassets in Resources */ = {isa = PBXBuildFile; fileRef = 40DEB0781D05020B00D00B2E /* Assets.xcassets */; };
		40DEB07C1D05020B00D00B2E /* LaunchScreen.storyboard in Resources */ = {isa = PBXBuildFile; fileRef = 40DEB07A1D05020B00D00B2E /* LaunchScreen.storyboard */; };
		40DEB0871D05020B00D00B2E /* __headerviewTests.m in Sources */ = {isa = PBXBuildFile; fileRef = 40DEB0861D05020B00D00B2E /* __headerviewTests.m */; };
		40DEB0921D05020B00D00B2E /* __headerviewUITests.m in Sources */ = {isa = PBXBuildFile; fileRef = 40DEB0911D05020B00D00B2E /* __headerviewUITests.m */; };
		40DEB0A11D05023B00D00B2E /* HeaderView.m in Sources */ = {isa = PBXBuildFile; fileRef = 40DEB0A01D05023B00D00B2E /* HeaderView.m */; };
		40DEB0C01D05092600D00B2E /* MASCompositeConstraint.m in Sources */ = {isa = PBXBuildFile; fileRef = 40DEB0A71D05092600D00B2E /* MASCompositeConstraint.m */; };
		40DEB0C11D05092600D00B2E /* MASConstraint.m in Sources */ = {isa = PBXBuildFile; fileRef = 40DEB0AA1D05092600D00B2E /* MASConstraint.m */; };
		40DEB0C21D05092600D00B2E /* MASConstraintMaker.m in Sources */ = {isa = PBXBuildFile; fileRef = 40DEB0AC1D05092600D00B2E /* MASConstraintMaker.m */; };
		40DEB0C31D05092600D00B2E /* MASLayoutConstraint.m in Sources */ = {isa = PBXBuildFile; fileRef = 40DEB0AE1D05092600D00B2E /* MASLayoutConstraint.m */; };
		40DEB0C41D05092600D00B2E /* MASViewAttribute.m in Sources */ = {isa = PBXBuildFile; fileRef = 40DEB0B21D05092600D00B2E /* MASViewAttribute.m */; };
		40DEB0C51D05092600D00B2E /* MASViewConstraint.m in Sources */ = {isa = PBXBuildFile; fileRef = 40DEB0B41D05092600D00B2E /* MASViewConstraint.m */; };
		40DEB0C61D05092600D00B2E /* NSArray+MASAdditions.m in Sources */ = {isa = PBXBuildFile; fileRef = 40DEB0B61D05092600D00B2E /* NSArray+MASAdditions.m */; };
		40DEB0C71D05092600D00B2E /* NSLayoutConstraint+MASDebugAdditions.m in Sources */ = {isa = PBXBuildFile; fileRef = 40DEB0B91D05092600D00B2E /* NSLayoutConstraint+MASDebugAdditions.m */; };
		40DEB0C81D05092600D00B2E /* View+MASAdditions.m in Sources */ = {isa = PBXBuildFile; fileRef = 40DEB0BB1D05092600D00B2E /* View+MASAdditions.m */; };
		40DEB0C91D05092600D00B2E /* ViewController+MASAdditions.m in Sources */ = {isa = PBXBuildFile; fileRef = 40DEB0BE1D05092600D00B2E /* ViewController+MASAdditions.m */; };
/* End PBXBuildFile section */

/* Begin PBXContainerItemProxy section */
		40DEB0831D05020B00D00B2E /* PBXContainerItemProxy */ = {
			isa = PBXContainerItemProxy;
			containerPortal = 40DEB0611D05020B00D00B2E /* Project object */;
			proxyType = 1;
			remoteGlobalIDString = 40DEB0681D05020B00D00B2E;
			remoteInfo = "悬浮headerview";
		};
		40DEB08E1D05020B00D00B2E /* PBXContainerItemProxy */ = {
			isa = PBXContainerItemProxy;
			containerPortal = 40DEB0611D05020B00D00B2E /* Project object */;
			proxyType = 1;
			remoteGlobalIDString = 40DEB0681D05020B00D00B2E;
			remoteInfo = "悬浮headerview";
		};
/* End PBXContainerItemProxy section */

/* Begin PBXFileReference section */
		40DEB0691D05020B00D00B2E /* 悬浮headerview.app */ = {isa = PBXFileReference; explicitFileType = wrapper.application; includeInIndex = 0; path = "悬浮headerview.app"; sourceTree = BUILT_PRODUCTS_DIR; };
		40DEB06D1D05020B00D00B2E /* main.m */ = {isa = PBXFileReference; lastKnownFileType = sourcecode.c.objc; path = main.m; sourceTree = "<group>"; };
		40DEB06F1D05020B00D00B2E /* AppDelegate.h */ = {isa = PBXFileReference; lastKnownFileType = sourcecode.c.h; path = AppDelegate.h; sourceTree = "<group>"; };
		40DEB0701D05020B00D00B2E /* AppDelegate.m */ = {isa = PBXFileReference; lastKnownFileType = sourcecode.c.objc; path = AppDelegate.m; sourceTree = "<group>"; };
		40DEB0721D05020B00D00B2E /* ViewController.h */ = {isa = PBXFileReference; lastKnownFileType = sourcecode.c.h; path = ViewController.h; sourceTree = "<group>"; };
		40DEB0731D05020B00D00B2E /* ViewController.m */ = {isa = PBXFileReference; lastKnownFileType = sourcecode.c.objc; path = ViewController.m; sourceTree = "<group>"; };
		40DEB0761D05020B00D00B2E /* Base */ = {isa = PBXFileReference; lastKnownFileType = file.storyboard; name = Base; path = Base.lproj/Main.storyboard; sourceTree = "<group>"; };
		40DEB0781D05020B00D00B2E /* Assets.xcassets */ = {isa = PBXFileReference; lastKnownFileType = folder.assetcatalog; path = Assets.xcassets; sourceTree = "<group>"; };
		40DEB07B1D05020B00D00B2E /* Base */ = {isa = PBXFileReference; lastKnownFileType = file.storyboard; name = Base; path = Base.lproj/LaunchScreen.storyboard; sourceTree = "<group>"; };
		40DEB07D1D05020B00D00B2E /* Info.plist */ = {isa = PBXFileReference; lastKnownFileType = text.plist.xml; path = Info.plist; sourceTree = "<group>"; };
		40DEB0821D05020B00D00B2E /* 悬浮headerviewTests.xctest */ = {isa = PBXFileReference; explicitFileType = wrapper.cfbundle; includeInIndex = 0; path = "悬浮headerviewTests.xctest"; sourceTree = BUILT_PRODUCTS_DIR; };
		40DEB0861D05020B00D00B2E /* __headerviewTests.m */ = {isa = PBXFileReference; lastKnownFileType = sourcecode.c.objc; path = __headerviewTests.m; sourceTree = "<group>"; };
		40DEB0881D05020B00D00B2E /* Info.plist */ = {isa = PBXFileReference; lastKnownFileType = text.plist.xml; path = Info.plist; sourceTree = "<group>"; };
		40DEB08D1D05020B00D00B2E /* 悬浮headerviewUITests.xctest */ = {isa = PBXFileReference; explicitFileType = wrapper.cfbundle; includeInIndex = 0; path = "悬浮headerviewUITests.xctest"; sourceTree = BUILT_PRODUCTS_DIR; };
		40DEB0911D05020B00D00B2E /* __headerviewUITests.m */ = {isa = PBXFileReference; lastKnownFileType = sourcecode.c.objc; path = __headerviewUITests.m; sourceTree = "<group>"; };
		40DEB0931D05020B00D00B2E /* Info.plist */ = {isa = PBXFileReference; lastKnownFileType = text.plist.xml; path = Info.plist; sourceTree = "<group>"; };
		40DEB09F1D05023B00D00B2E /* HeaderView.h */ = {isa = PBXFileReference; fileEncoding = 4; lastKnownFileType = sourcecode.c.h; path = HeaderView.h; sourceTree = "<group>"; };
		40DEB0A01D05023B00D00B2E /* HeaderView.m */ = {isa = PBXFileReference; fileEncoding = 4; lastKnownFileType = sourcecode.c.objc; path = HeaderView.m; sourceTree = "<group>"; };
		40DEB0A61D05092600D00B2E /* MASCompositeConstraint.h */ = {isa = PBXFileReference; fileEncoding = 4; lastKnownFileType = sourcecode.c.h; path = MASCompositeConstraint.h; sourceTree = "<group>"; };
		40DEB0A71D05092600D00B2E /* MASCompositeConstraint.m */ = {isa = PBXFileReference; fileEncoding = 4; lastKnownFileType = sourcecode.c.objc; path = MASCompositeConstraint.m; sourceTree = "<group>"; };
		40DEB0A81D05092600D00B2E /* MASConstraint+Private.h */ = {isa = PBXFileReference; fileEncoding = 4; lastKnownFileType = sourcecode.c.h; path = "MASConstraint+Private.h"; sourceTree = "<group>"; };
		40DEB0A91D05092600D00B2E /* MASConstraint.h */ = {isa = PBXFileReference; fileEncoding = 4; lastKnownFileType = sourcecode.c.h; path = MASConstraint.h; sourceTree = "<group>"; };
		40DEB0AA1D05092600D00B2E /* MASConstraint.m */ = {isa = PBXFileReference; fileEncoding = 4; lastKnownFileType = sourcecode.c.objc; path = MASConstraint.m; sourceTree = "<group>"; };
		40DEB0AB1D05092600D00B2E /* MASConstraintMaker.h */ = {isa = PBXFileReference; fileEncoding = 4; lastKnownFileType = sourcecode.c.h; path = MASConstraintMaker.h; sourceTree = "<group>"; };
		40DEB0AC1D05092600D00B2E /* MASConstraintMaker.m */ = {isa = PBXFileReference; fileEncoding = 4; lastKnownFileType = sourcecode.c.objc; path = MASConstraintMaker.m; sourceTree = "<group>"; };
		40DEB0AD1D05092600D00B2E /* MASLayoutConstraint.h */ = {isa = PBXFileReference; fileEncoding = 4; lastKnownFileType = sourcecode.c.h; path = MASLayoutConstraint.h; sourceTree = "<group>"; };
		40DEB0AE1D05092600D00B2E /* MASLayoutConstraint.m */ = {isa = PBXFileReference; fileEncoding = 4; lastKnownFileType = sourcecode.c.objc; path = MASLayoutConstraint.m; sourceTree = "<group>"; };
		40DEB0AF1D05092600D00B2E /* Masonry.h */ = {isa = PBXFileReference; fileEncoding = 4; lastKnownFileType = sourcecode.c.h; path = Masonry.h; sourceTree = "<group>"; };
		40DEB0B01D05092600D00B2E /* MASUtilities.h */ = {isa = PBXFileReference; fileEncoding = 4; lastKnownFileType = sourcecode.c.h; path = MASUtilities.h; sourceTree = "<group>"; };
		40DEB0B11D05092600D00B2E /* MASViewAttribute.h */ = {isa = PBXFileReference; fileEncoding = 4; lastKnownFileType = sourcecode.c.h; path = MASViewAttribute.h; sourceTree = "<group>"; };
		40DEB0B21D05092600D00B2E /* MASViewAttribute.m */ = {isa = PBXFileReference; fileEncoding = 4; lastKnownFileType = sourcecode.c.objc; path = MASViewAttribute.m; sourceTree = "<group>"; };
		40DEB0B31D05092600D00B2E /* MASViewConstraint.h */ = {isa = PBXFileReference; fileEncoding = 4; lastKnownFileType = sourcecode.c.h; path = MASViewConstraint.h; sourceTree = "<group>"; };
		40DEB0B41D05092600D00B2E /* MASViewConstraint.m */ = {isa = PBXFileReference; fileEncoding = 4; lastKnownFileType = sourcecode.c.objc; path = MASViewConstraint.m; sourceTree = "<group>"; };
		40DEB0B51D05092600D00B2E /* NSArray+MASAdditions.h */ = {isa = PBXFileReference; fileEncoding = 4; lastKnownFileType = sourcecode.c.h; path = "NSArray+MASAdditions.h"; sourceTree = "<group>"; };
		40DEB0B61D05092600D00B2E /* NSArray+MASAdditions.m */ = {isa = PBXFileReference; fileEncoding = 4; lastKnownFileType = sourcecode.c.objc; path = "NSArray+MASAdditions.m"; sourceTree = "<group>"; };
		40DEB0B71D05092600D00B2E /* NSArray+MASShorthandAdditions.h */ = {isa = PBXFileReference; fileEncoding = 4; lastKnownFileType = sourcecode.c.h; path = "NSArray+MASShorthandAdditions.h"; sourceTree = "<group>"; };
		40DEB0B81D05092600D00B2E /* NSLayoutConstraint+MASDebugAdditions.h */ = {isa = PBXFileReference; fileEncoding = 4; lastKnownFileType = sourcecode.c.h; path = "NSLayoutConstraint+MASDebugAdditions.h"; sourceTree = "<group>"; };
		40DEB0B91D05092600D00B2E /* NSLayoutConstraint+MASDebugAdditions.m */ = {isa = PBXFileReference; fileEncoding = 4; lastKnownFileType = sourcecode.c.objc; path = "NSLayoutConstraint+MASDebugAdditions.m"; sourceTree = "<group>"; };
		40DEB0BA1D05092600D00B2E /* View+MASAdditions.h */ = {isa = PBXFileReference; fileEncoding = 4; lastKnownFileType = sourcecode.c.h; path = "View+MASAdditions.h"; sourceTree = "<group>"; };
		40DEB0BB1D05092600D00B2E /* View+MASAdditions.m */ = {isa = PBXFileReference; fileEncoding = 4; lastKnownFileType = sourcecode.c.objc; path = "View+MASAdditions.m"; sourceTree = "<group>"; };
		40DEB0BC1D05092600D00B2E /* View+MASShorthandAdditions.h */ = {isa = PBXFileReference; fileEncoding = 4; lastKnownFileType = sourcecode.c.h; path = "View+MASShorthandAdditions.h"; sourceTree = "<group>"; };
		40DEB0BD1D05092600D00B2E /* ViewController+MASAdditions.h */ = {isa = PBXFileReference; fileEncoding = 4; lastKnownFileType = sourcecode.c.h; path = "ViewController+MASAdditions.h"; sourceTree = "<group>"; };
		40DEB0BE1D05092600D00B2E /* ViewController+MASAdditions.m */ = {isa = PBXFileReference; fileEncoding = 4; lastKnownFileType = sourcecode.c.objc; path = "ViewController+MASAdditions.m"; sourceTree = "<group>"; };
/* End PBXFileReference section */

/* Begin PBXFrameworksBuildPhase section */
		40DEB0661D05020B00D00B2E /* Frameworks */ = {
			isa = PBXFrameworksBuildPhase;
			buildActionMask = 2147483647;
			files = (
			);
			runOnlyForDeploymentPostprocessing = 0;
		};
		40DEB07F1D05020B00D00B2E /* Frameworks */ = {
			isa = PBXFrameworksBuildPhase;
			buildActionMask = 2147483647;
			files = (
			);
			runOnlyForDeploymentPostprocessing = 0;
		};
		40DEB08A1D05020B00D00B2E /* Frameworks */ = {
			isa = PBXFrameworksBuildPhase;
			buildActionMask = 2147483647;
			files = (
			);
			runOnlyForDeploymentPostprocessing = 0;
		};
/* End PBXFrameworksBuildPhase section */

/* Begin PBXGroup section */
		40DEB0601D05020B00D00B2E = {
			isa = PBXGroup;
			children = (
				40DEB06B1D05020B00D00B2E /* 悬浮headerview */,
				40DEB0851D05020B00D00B2E /* 悬浮headerviewTests */,
				40DEB0901D05020B00D00B2E /* 悬浮headerviewUITests */,
				40DEB06A1D05020B00D00B2E /* Products */,
			);
			sourceTree = "<group>";
		};
		40DEB06A1D05020B00D00B2E /* Products */ = {
			isa = PBXGroup;
			children = (
				40DEB0691D05020B00D00B2E /* 悬浮headerview.app */,
				40DEB0821D05020B00D00B2E /* 悬浮headerviewTests.xctest */,
				40DEB08D1D05020B00D00B2E /* 悬浮headerviewUITests.xctest */,
			);
			name = Products;
			sourceTree = "<group>";
		};
		40DEB06B1D05020B00D00B2E /* 悬浮headerview */ = {
			isa = PBXGroup;
			children = (
				40DEB0A41D05092600D00B2E /* Masonry */,
				40DEB06F1D05020B00D00B2E /* AppDelegate.h */,
				40DEB0701D05020B00D00B2E /* AppDelegate.m */,
				40DEB0721D05020B00D00B2E /* ViewController.h */,
				40DEB0731D05020B00D00B2E /* ViewController.m */,
				40DEB0751D05020B00D00B2E /* Main.storyboard */,
				40DEB0781D05020B00D00B2E /* Assets.xcassets */,
				40DEB07A1D05020B00D00B2E /* LaunchScreen.storyboard */,
				40DEB07D1D05020B00D00B2E /* Info.plist */,
				40DEB06C1D05020B00D00B2E /* Supporting Files */,
				40DEB09F1D05023B00D00B2E /* HeaderView.h */,
				40DEB0A01D05023B00D00B2E /* HeaderView.m */,
			);
			path = "悬浮headerview";
			sourceTree = "<group>";
		};
		40DEB06C1D05020B00D00B2E /* Supporting Files */ = {
			isa = PBXGroup;
			children = (
				40DEB06D1D05020B00D00B2E /* main.m */,
			);
			name = "Supporting Files";
			sourceTree = "<group>";
		};
		40DEB0851D05020B00D00B2E /* 悬浮headerviewTests */ = {
			isa = PBXGroup;
			children = (
				40DEB0861D05020B00D00B2E /* __headerviewTests.m */,
				40DEB0881D05020B00D00B2E /* Info.plist */,
			);
			path = "悬浮headerviewTests";
			sourceTree = "<group>";
		};
		40DEB0901D05020B00D00B2E /* 悬浮headerviewUITests */ = {
			isa = PBXGroup;
			children = (
				40DEB0911D05020B00D00B2E /* __headerviewUITests.m */,
				40DEB0931D05020B00D00B2E /* Info.plist */,
			);
			path = "悬浮headerviewUITests";
			sourceTree = "<group>";
		};
		40DEB0A41D05092600D00B2E /* Masonry */ = {
			isa = PBXGroup;
			children = (
				40DEB0A61D05092600D00B2E /* MASCompositeConstraint.h */,
				40DEB0A71D05092600D00B2E /* MASCompositeConstraint.m */,
				40DEB0A81D05092600D00B2E /* MASConstraint+Private.h */,
				40DEB0A91D05092600D00B2E /* MASConstraint.h */,
				40DEB0AA1D05092600D00B2E /* MASConstraint.m */,
				40DEB0AB1D05092600D00B2E /* MASConstraintMaker.h */,
				40DEB0AC1D05092600D00B2E /* MASConstraintMaker.m */,
				40DEB0AD1D05092600D00B2E /* MASLayoutConstraint.h */,
				40DEB0AE1D05092600D00B2E /* MASLayoutConstraint.m */,
				40DEB0AF1D05092600D00B2E /* Masonry.h */,
				40DEB0B01D05092600D00B2E /* MASUtilities.h */,
				40DEB0B11D05092600D00B2E /* MASViewAttribute.h */,
				40DEB0B21D05092600D00B2E /* MASViewAttribute.m */,
				40DEB0B31D05092600D00B2E /* MASViewConstraint.h */,
				40DEB0B41D05092600D00B2E /* MASViewConstraint.m */,
				40DEB0B51D05092600D00B2E /* NSArray+MASAdditions.h */,
				40DEB0B61D05092600D00B2E /* NSArray+MASAdditions.m */,
				40DEB0B71D05092600D00B2E /* NSArray+MASShorthandAdditions.h */,
				40DEB0B81D05092600D00B2E /* NSLayoutConstraint+MASDebugAdditions.h */,
				40DEB0B91D05092600D00B2E /* NSLayoutConstraint+MASDebugAdditions.m */,
				40DEB0BA1D05092600D00B2E /* View+MASAdditions.h */,
				40DEB0BB1D05092600D00B2E /* View+MASAdditions.m */,
				40DEB0BC1D05092600D00B2E /* View+MASShorthandAdditions.h */,
				40DEB0BD1D05092600D00B2E /* ViewController+MASAdditions.h */,
				40DEB0BE1D05092600D00B2E /* ViewController+MASAdditions.m */,
			);
			path = Masonry;
			sourceTree = "<group>";
		};
/* End PBXGroup section */

/* Begin PBXNativeTarget section */
		40DEB0681D05020B00D00B2E /* 悬浮headerview */ = {
			isa = PBXNativeTarget;
			buildConfigurationList = 40DEB0961D05020B00D00B2E /* Build configuration list for PBXNativeTarget "悬浮headerview" */;
			buildPhases = (
				40DEB0651D05020B00D00B2E /* Sources */,
				40DEB0661D05020B00D00B2E /* Frameworks */,
				40DEB0671D05020B00D00B2E /* Resources */,
			);
			buildRules = (
			);
			dependencies = (
			);
			name = "悬浮headerview";
			productName = "悬浮headerview";
			productReference = 40DEB0691D05020B00D00B2E /* 悬浮headerview.app */;
			productType = "com.apple.product-type.application";
		};
		40DEB0811D05020B00D00B2E /* 悬浮headerviewTests */ = {
			isa = PBXNativeTarget;
			buildConfigurationList = 40DEB0991D05020B00D00B2E /* Build configuration list for PBXNativeTarget "悬浮headerviewTests" */;
			buildPhases = (
				40DEB07E1D05020B00D00B2E /* Sources */,
				40DEB07F1D05020B00D00B2E /* Frameworks */,
				40DEB0801D05020B00D00B2E /* Resources */,
			);
			buildRules = (
			);
			dependencies = (
				40DEB0841D05020B00D00B2E /* PBXTargetDependency */,
			);
			name = "悬浮headerviewTests";
			productName = "悬浮headerviewTests";
			productReference = 40DEB0821D05020B00D00B2E /* 悬浮headerviewTests.xctest */;
			productType = "com.apple.product-type.bundle.unit-test";
		};
		40DEB08C1D05020B00D00B2E /* 悬浮headerviewUITests */ = {
			isa = PBXNativeTarget;
			buildConfigurationList = 40DEB09C1D05020B00D00B2E /* Build configuration list for PBXNativeTarget "悬浮headerviewUITests" */;
			buildPhases = (
				40DEB0891D05020B00D00B2E /* Sources */,
				40DEB08A1D05020B00D00B2E /* Frameworks */,
				40DEB08B1D05020B00D00B2E /* Resources */,
			);
			buildRules = (
			);
			dependencies = (
				40DEB08F1D05020B00D00B2E /* PBXTargetDependency */,
			);
			name = "悬浮headerviewUITests";
			productName = "悬浮headerviewUITests";
			productReference = 40DEB08D1D05020B00D00B2E /* 悬浮headerviewUITests.xctest */;
			productType = "com.apple.product-type.bundle.ui-testing";
		};
/* End PBXNativeTarget section */

/* Begin PBXProject section */
		40DEB0611D05020B00D00B2E /* Project object */ = {
			isa = PBXProject;
			attributes = {
				LastUpgradeCheck = 0730;
				ORGANIZATIONNAME = ZY;
				TargetAttributes = {
					40DEB0681D05020B00D00B2E = {
						CreatedOnToolsVersion = 7.3.1;
					};
					40DEB0811D05020B00D00B2E = {
						CreatedOnToolsVersion = 7.3.1;
						TestTargetID = 40DEB0681D05020B00D00B2E;
					};
					40DEB08C1D05020B00D00B2E = {
						CreatedOnToolsVersion = 7.3.1;
						TestTargetID = 40DEB0681D05020B00D00B2E;
					};
				};
			};
			buildConfigurationList = 40DEB0641D05020B00D00B2E /* Build configuration list for PBXProject "悬浮headerview" */;
			compatibilityVersion = "Xcode 3.2";
			developmentRegion = English;
			hasScannedForEncodings = 0;
			knownRegions = (
				en,
				Base,
			);
			mainGroup = 40DEB0601D05020B00D00B2E;
			productRefGroup = 40DEB06A1D05020B00D00B2E /* Products */;
			projectDirPath = "";
			projectRoot = "";
			targets = (
				40DEB0681D05020B00D00B2E /* 悬浮headerview */,
				40DEB0811D05020B00D00B2E /* 悬浮headerviewTests */,
				40DEB08C1D05020B00D00B2E /* 悬浮headerviewUITests */,
			);
		};
/* End PBXProject section */

/* Begin PBXResourcesBuildPhase section */
		40DEB0671D05020B00D00B2E /* Resources */ = {
			isa = PBXResourcesBuildPhase;
			buildActionMask = 2147483647;
			files = (
				40DEB07C1D05020B00D00B2E /* LaunchScreen.storyboard in Resources */,
				40DEB0791D05020B00D00B2E /* Assets.xcassets in Resources */,
				40DEB0771D05020B00D00B2E /* Main.storyboard in Resources */,
			);
			runOnlyForDeploymentPostprocessing = 0;
		};
		40DEB0801D05020B00D00B2E /* Resources */ = {
			isa = PBXResourcesBuildPhase;
			buildActionMask = 2147483647;
			files = (
			);
			runOnlyForDeploymentPostprocessing = 0;
		};
		40DEB08B1D05020B00D00B2E /* Resources */ = {
			isa = PBXResourcesBuildPhase;
			buildActionMask = 2147483647;
			files = (
			);
			runOnlyForDeploymentPostprocessing = 0;
		};
/* End PBXResourcesBuildPhase section */

/* Begin PBXSourcesBuildPhase section */
		40DEB0651D05020B00D00B2E /* Sources */ = {
			isa = PBXSourcesBuildPhase;
			buildActionMask = 2147483647;
			files = (
				40DEB0C21D05092600D00B2E /* MASConstraintMaker.m in Sources */,
				40DEB0A11D05023B00D00B2E /* HeaderView.m in Sources */,
				40DEB0741D05020B00D00B2E /* ViewController.m in Sources */,
				40DEB0C11D05092600D00B2E /* MASConstraint.m in Sources */,
				40DEB0C91D05092600D00B2E /* ViewController+MASAdditions.m in Sources */,
				40DEB0C31D05092600D00B2E /* MASLayoutConstraint.m in Sources */,
				40DEB0C61D05092600D00B2E /* NSArray+MASAdditions.m in Sources */,
				40DEB0C51D05092600D00B2E /* MASViewConstraint.m in Sources */,
				40DEB0C41D05092600D00B2E /* MASViewAttribute.m in Sources */,
				40DEB0C81D05092600D00B2E /* View+MASAdditions.m in Sources */,
				40DEB0711D05020B00D00B2E /* AppDelegate.m in Sources */,
				40DEB06E1D05020B00D00B2E /* main.m in Sources */,
				40DEB0C01D05092600D00B2E /* MASCompositeConstraint.m in Sources */,
				40DEB0C71D05092600D00B2E /* NSLayoutConstraint+MASDebugAdditions.m in Sources */,
			);
			runOnlyForDeploymentPostprocessing = 0;
		};
		40DEB07E1D05020B00D00B2E /* Sources */ = {
			isa = PBXSourcesBuildPhase;
			buildActionMask = 2147483647;
			files = (
				40DEB0871D05020B00D00B2E /* __headerviewTests.m in Sources */,
			);
			runOnlyForDeploymentPostprocessing = 0;
		};
		40DEB0891D05020B00D00B2E /* Sources */ = {
			isa = PBXSourcesBuildPhase;
			buildActionMask = 2147483647;
			files = (
				40DEB0921D05020B00D00B2E /* __headerviewUITests.m in Sources */,
			);
			runOnlyForDeploymentPostprocessing = 0;
		};
/* End PBXSourcesBuildPhase section */

/* Begin PBXTargetDependency section */
		40DEB0841D05020B00D00B2E /* PBXTargetDependency */ = {
			isa = PBXTargetDependency;
			target = 40DEB0681D05020B00D00B2E /* 悬浮headerview */;
			targetProxy = 40DEB0831D05020B00D00B2E /* PBXContainerItemProxy */;
		};
		40DEB08F1D05020B00D00B2E /* PBXTargetDependency */ = {
			isa = PBXTargetDependency;
			target = 40DEB0681D05020B00D00B2E /* 悬浮headerview */;
			targetProxy = 40DEB08E1D05020B00D00B2E /* PBXContainerItemProxy */;
		};
/* End PBXTargetDependency section */

/* Begin PBXVariantGroup section */
		40DEB0751D05020B00D00B2E /* Main.storyboard */ = {
			isa = PBXVariantGroup;
			children = (
				40DEB0761D05020B00D00B2E /* Base */,
			);
			name = Main.storyboard;
			sourceTree = "<group>";
		};
		40DEB07A1D05020B00D00B2E /* LaunchScreen.storyboard */ = {
			isa = PBXVariantGroup;
			children = (
				40DEB07B1D05020B00D00B2E /* Base */,
			);
			name = LaunchScreen.storyboard;
			sourceTree = "<group>";
		};
/* End PBXVariantGroup section */

/* Begin XCBuildConfiguration section */
		40DEB0941D05020B00D00B2E /* Debug */ = {
			isa = XCBuildConfiguration;
			buildSettings = {
				ALWAYS_SEARCH_USER_PATHS = NO;
				CLANG_ANALYZER_NONNULL = YES;
				CLANG_CXX_LANGUAGE_STANDARD = "gnu++0x";
				CLANG_CXX_LIBRARY = "libc++";
				CLANG_ENABLE_MODULES = YES;
				CLANG_ENABLE_OBJC_ARC = YES;
				CLANG_WARN_BOOL_CONVERSION = YES;
				CLANG_WARN_CONSTANT_CONVERSION = YES;
				CLANG_WARN_DIRECT_OBJC_ISA_USAGE = YES_ERROR;
				CLANG_WARN_EMPTY_BODY = YES;
				CLANG_WARN_ENUM_CONVERSION = YES;
				CLANG_WARN_INT_CONVERSION = YES;
				CLANG_WARN_OBJC_ROOT_CLASS = YES_ERROR;
				CLANG_WARN_UNREACHABLE_CODE = YES;
				CLANG_WARN__DUPLICATE_METHOD_MATCH = YES;
				"CODE_SIGN_IDENTITY[sdk=iphoneos*]" = "iPhone Developer";
				COPY_PHASE_STRIP = NO;
				DEBUG_INFORMATION_FORMAT = dwarf;
				ENABLE_STRICT_OBJC_MSGSEND = YES;
				ENABLE_TESTABILITY = YES;
				GCC_C_LANGUAGE_STANDARD = gnu99;
				GCC_DYNAMIC_NO_PIC = NO;
				GCC_NO_COMMON_BLOCKS = YES;
				GCC_OPTIMIZATION_LEVEL = 0;
				GCC_PREPROCESSOR_DEFINITIONS = (
					"DEBUG=1",
					"$(inherited)",
				);
				GCC_WARN_64_TO_32_BIT_CONVERSION = YES;
				GCC_WARN_ABOUT_RETURN_TYPE = YES_ERROR;
				GCC_WARN_UNDECLARED_SELECTOR = YES;
				GCC_WARN_UNINITIALIZED_AUTOS = YES_AGGRESSIVE;
				GCC_WARN_UNUSED_FUNCTION = YES;
				GCC_WARN_UNUSED_VARIABLE = YES;
				IPHONEOS_DEPLOYMENT_TARGET = 9.3;
				MTL_ENABLE_DEBUG_INFO = YES;
				ONLY_ACTIVE_ARCH = YES;
				SDKROOT = iphoneos;
				TARGETED_DEVICE_FAMILY = "1,2";
			};
			name = Debug;
		};
		40DEB0951D05020B00D00B2E /* Release */ = {
			isa = XCBuildConfiguration;
			buildSettings = {
				ALWAYS_SEARCH_USER_PATHS = NO;
				CLANG_ANALYZER_NONNULL = YES;
				CLANG_CXX_LANGUAGE_STANDARD = "gnu++0x";
				CLANG_CXX_LIBRARY = "libc++";
				CLANG_ENABLE_MODULES = YES;
				CLANG_ENABLE_OBJC_ARC = YES;
				CLANG_WARN_BOOL_CONVERSION = YES;
				CLANG_WARN_CONSTANT_CONVERSION = YES;
				CLANG_WARN_DIRECT_OBJC_ISA_USAGE = YES_ERROR;
				CLANG_WARN_EMPTY_BODY = YES;
				CLANG_WARN_ENUM_CONVERSION = YES;
				CLANG_WARN_INT_CONVERSION = YES;
				CLANG_WARN_OBJC_ROOT_CLASS = YES_ERROR;
				CLANG_WARN_UNREACHABLE_CODE = YES;
				CLANG_WARN__DUPLICATE_METHOD_MATCH = YES;
				"CODE_SIGN_IDENTITY[sdk=iphoneos*]" = "iPhone Developer";
				COPY_PHASE_STRIP = NO;
				DEBUG_INFORMATION_FORMAT = "dwarf-with-dsym";
				ENABLE_NS_ASSERTIONS = NO;
				ENABLE_STRICT_OBJC_MSGSEND = YES;
				GCC_C_LANGUAGE_STANDARD = gnu99;
				GCC_NO_COMMON_BLOCKS = YES;
				GCC_WARN_64_TO_32_BIT_CONVERSION = YES;
				GCC_WARN_ABOUT_RETURN_TYPE = YES_ERROR;
				GCC_WARN_UNDECLARED_SELECTOR = YES;
				GCC_WARN_UNINITIALIZED_AUTOS = YES_AGGRESSIVE;
				GCC_WARN_UNUSED_FUNCTION = YES;
				GCC_WARN_UNUSED_VARIABLE = YES;
				IPHONEOS_DEPLOYMENT_TARGET = 9.3;
				MTL_ENABLE_DEBUG_INFO = NO;
				SDKROOT = iphoneos;
				TARGETED_DEVICE_FAMILY = "1,2";
				VALIDATE_PRODUCT = YES;
			};
			name = Release;
		};
		40DEB0971D05020B00D00B2E /* Debug */ = {
			isa = XCBuildConfiguration;
			buildSettings = {
				ASSETCATALOG_COMPILER_APPICON_NAME = AppIcon;
				INFOPLIST_FILE = "悬浮headerview/Info.plist";
				LD_RUNPATH_SEARCH_PATHS = "$(inherited) @executable_path/Frameworks";
				PRODUCT_BUNDLE_IDENTIFIER = "ZY.--headerview";
				PRODUCT_NAME = "$(TARGET_NAME)";
			};
			name = Debug;
		};
		40DEB0981D05020B00D00B2E /* Release */ = {
			isa = XCBuildConfiguration;
			buildSettings = {
				ASSETCATALOG_COMPILER_APPICON_NAME = AppIcon;
				INFOPLIST_FILE = "悬浮headerview/Info.plist";
				LD_RUNPATH_SEARCH_PATHS = "$(inherited) @executable_path/Frameworks";
				PRODUCT_BUNDLE_IDENTIFIER = "ZY.--headerview";
				PRODUCT_NAME = "$(TARGET_NAME)";
			};
			name = Release;
		};
		40DEB09A1D05020B00D00B2E /* Debug */ = {
			isa = XCBuildConfiguration;
			buildSettings = {
				BUNDLE_LOADER = "$(TEST_HOST)";
				INFOPLIST_FILE = "悬浮headerviewTests/Info.plist";
				LD_RUNPATH_SEARCH_PATHS = "$(inherited) @executable_path/Frameworks @loader_path/Frameworks";
				PRODUCT_BUNDLE_IDENTIFIER = "ZY.--headerviewTests";
				PRODUCT_NAME = "$(TARGET_NAME)";
				TEST_HOST = "$(BUILT_PRODUCTS_DIR)/悬浮headerview.app/悬浮headerview";
			};
			name = Debug;
		};
		40DEB09B1D05020B00D00B2E /* Release */ = {
			isa = XCBuildConfiguration;
			buildSettings = {
				BUNDLE_LOADER = "$(TEST_HOST)";
				INFOPLIST_FILE = "悬浮headerviewTests/Info.plist";
				LD_RUNPATH_SEARCH_PATHS = "$(inherited) @executable_path/Frameworks @loader_path/Frameworks";
				PRODUCT_BUNDLE_IDENTIFIER = "ZY.--headerviewTests";
				PRODUCT_NAME = "$(TARGET_NAME)";
				TEST_HOST = "$(BUILT_PRODUCTS_DIR)/悬浮headerview.app/悬浮headerview";
			};
			name = Release;
		};
		40DEB09D1D05020B00D00B2E /* Debug */ = {
			isa = XCBuildConfiguration;
			buildSettings = {
				INFOPLIST_FILE = "悬浮headerviewUITests/Info.plist";
				LD_RUNPATH_SEARCH_PATHS = "$(inherited) @executable_path/Frameworks @loader_path/Frameworks";
				PRODUCT_BUNDLE_IDENTIFIER = "ZY.--headerviewUITests";
				PRODUCT_NAME = "$(TARGET_NAME)";
				TEST_TARGET_NAME = "悬浮headerview";
			};
			name = Debug;
		};
		40DEB09E1D05020B00D00B2E /* Release */ = {
			isa = XCBuildConfiguration;
			buildSettings = {
				INFOPLIST_FILE = "悬浮headerviewUITests/Info.plist";
				LD_RUNPATH_SEARCH_PATHS = "$(inherited) @executable_path/Frameworks @loader_path/Frameworks";
				PRODUCT_BUNDLE_IDENTIFIER = "ZY.--headerviewUITests";
				PRODUCT_NAME = "$(TARGET_NAME)";
				TEST_TARGET_NAME = "悬浮headerview";
			};
			name = Release;
		};
/* End XCBuildConfiguration section */

/* Begin XCConfigurationList section */
		40DEB0641D05020B00D00B2E /* Build configuration list for PBXProject "悬浮headerview" */ = {
			isa = XCConfigurationList;
			buildConfigurations = (
				40DEB0941D05020B00D00B2E /* Debug */,
				40DEB0951D05020B00D00B2E /* Release */,
			);
			defaultConfigurationIsVisible = 0;
			defaultConfigurationName = Release;
		};
		40DEB0961D05020B00D00B2E /* Build configuration list for PBXNativeTarget "悬浮headerview" */ = {
			isa = XCConfigurationList;
			buildConfigurations = (
				40DEB0971D05020B00D00B2E /* Debug */,
				40DEB0981D05020B00D00B2E /* Release */,
			);
			defaultConfigurationIsVisible = 0;
			defaultConfigurationName = Release;
		};
		40DEB0991D05020B00D00B2E /* Build configuration list for PBXNativeTarget "悬浮headerviewTests" */ = {
			isa = XCConfigurationList;
			buildConfigurations = (
				40DEB09A1D05020B00D00B2E /* Debug */,
				40DEB09B1D05020B00D00B2E /* Release */,
			);
			defaultConfigurationIsVisible = 0;
			defaultConfigurationName = Release;
		};
		40DEB09C1D05020B00D00B2E /* Build configuration list for PBXNativeTarget "悬浮headerviewUITests" */ = {
			isa = XCConfigurationList;
			buildConfigurations = (
				40DEB09D1D05020B00D00B2E /* Debug */,
				40DEB09E1D05020B00D00B2E /* Release */,
			);
			defaultConfigurationIsVisible = 0;
			defaultConfigurationName = Release;
		};
/* End XCConfigurationList section */
	};
	rootObject = 40DEB0611D05020B00D00B2E /* Project object */;
}
